{
  "object": {
    "pins": [
      {
        "package": "swift-nio",
        "repositoryURL": "git@github.com:apple/swift-nio.git",
        "state": {
          "branch": null,
          "revision": "f2705f9655ede35399b12040e892cf653126de98",
          "version": "2.32.2"
        }
      }
    ]
  },
  "version": 1
}
